
Microsoft Visual Studio Solution File, Format Version 12.00
# Visual Studio Version 16
VisualStudioVersion = 16.0.29905.134
MinimumVisualStudioVersion = 10.0.40219.1
Project("{FAE04EC0-301F-11D3-BF4B-00C04F79EFBC}") = "AgendaContatos", "AgendaContatos.csproj", "{83F6B01B-1EE9-485D-BAD9-9D6A67C05507}"
EndProject
Global
	GlobalSection(SolutionConfigurationPlatforms) = preSolution
		Debug|Any CPU = Debug|Any CPU
		Release|Any CPU = Release|Any CPU
	EndGlobalSection
	GlobalSection(ProjectConfigurationPlatforms) = postSolution
		{83F6B01B-1EE9-485D-BAD9-9D6A67C05507}.Debug|Any CPU.ActiveCfg = Debug|Any CPU
		{83F6B01B-1EE9-485D-BAD9-9D6A67C05507}.Debug|Any CPU.Build.0 = Debug|Any CPU
		{83F6B01B-1EE9-485D-BAD9-9D6A67C05507}.Release|Any CPU.ActiveCfg = Release|Any CPU
		{83F6B01B-1EE9-485D-BAD9-9D6A67C05507}.Release|Any CPU.Build.0 = Release|Any CPU
	EndGlobalSection
	GlobalSection(SolutionProperties) = preSolution
		HideSolutionNode = FALSE
	EndGlobalSection
	GlobalSection(ExtensibilityGlobals) = postSolution
		SolutionGuid = {DBB0E1BB-D8BA-4FDD-835E-1A7CC863981B}
	EndGlobalSection
EndGlobal
